// !$*UTF8*$!
{
	archiveVersion = 1;
	classes = {
	};
	objectVersion = 77;
	objects = {

/* Begin PBXContainerItemProxy section */
		1572E4B42EB9759700A260B4 /* PBXContainerItemProxy */ = {
			isa = PBXContainerItemProxy;
			containerPortal = 1572E49B2EB9759600A260B4 /* Project object */;
			proxyType = 1;
			remoteGlobalIDString = 1572E4A22EB9759600A260B4;
			remoteInfo = guidedcamera;
		};
		1572E4BE2EB9759700A260B4 /* PBXContainerItemProxy */ = {
			isa = PBXContainerItemProxy;
			containerPortal = 1572E49B2EB9759600A260B4 /* Project object */;
			proxyType = 1;
			remoteGlobalIDString = 1572E4A22EB9759600A260B4;
			remoteInfo = guidedcamera;
		};
/* End PBXContainerItemProxy section */

/* Begin PBXFileReference section */
		1572E4A32EB9759600A260B4 /* guidedcamera.app */ = {isa = PBXFileReference; explicitFileType = wrapper.application; includeInIndex = 0; path = guidedcamera.app; sourceTree = BUILT_PRODUCTS_DIR; };
		1572E4B32EB9759700A260B4 /* guidedcameraTests.xctest */ = {isa = PBXFileReference; explicitFileType = wrapper.cfbundle; includeInIndex = 0; path = guidedcameraTests.xctest; sourceTree = BUILT_PRODUCTS_DIR; };
		1572E4BD2EB9759700A260B4 /* guidedcameraUITests.xctest */ = {isa = PBXFileReference; explicitFileType = wrapper.cfbundle; includeInIndex = 0; path = guidedcameraUITests.xctest; sourceTree = BUILT_PRODUCTS_DIR; };
/* End PBXFileReference section */

/* Begin PBXFileSystemSynchronizedRootGroup section */
		1572E4A52EB9759600A260B4 /* guidedcamera */ = {
			isa = PBXFileSystemSynchronizedRootGroup;
			path = guidedcamera;
			sourceTree = "<group>";
		};
		1572E4B62EB9759700A260B4 /* guidedcameraTests */ = {
			isa = PBXFileSystemSynchronizedRootGroup;
			path = guidedcameraTests;
			sourceTree = "<group>";
		};
		1572E4C02EB9759700A260B4 /* guidedcameraUITests */ = {
			isa = PBXFileSystemSynchronizedRootGroup;
			path = guidedcameraUITests;
			sourceTree = "<group>";
		};
/* End PBXFileSystemSynchronizedRootGroup section */

/* Begin PBXFrameworksBuildPhase section */
		1572E4A02EB9759600A260B4 /* Frameworks */ = {
			isa = PBXFrameworksBuildPhase;
			buildActionMask = 2147483647;
			files = (
			);
			runOnlyForDeploymentPostprocessing = 0;
		};
		1572E4B02EB9759700A260B4 /* Frameworks */ = {
			isa = PBXFrameworksBuildPhase;
			buildActionMask = 2147483647;
			files = (
			);
			runOnlyForDeploymentPostprocessing = 0;
		};
		1572E4BA2EB9759700A260B4 /* Frameworks */ = {
			isa = PBXFrameworksBuildPhase;
			buildActionMask = 2147483647;
			files = (
			);
			runOnlyForDeploymentPostprocessing = 0;
		};
/* End PBXFrameworksBuildPhase section */

/* Begin PBXGroup section */
		1572E49A2EB9759600A260B4 = {
			isa = PBXGroup;
			children = (
				1572E4A52EB9759600A260B4 /* guidedcamera */,
				1572E4B62EB9759700A260B4 /* guidedcameraTests */,
				1572E4C02EB9759700A260B4 /* guidedcameraUITests */,
				1572E4A42EB9759600A260B4 /* Products */,
			);
			sourceTree = "<group>";
		};
		1572E4A42EB9759600A260B4 /* Products */ = {
			isa = PBXGroup;
			children = (
				1572E4A32EB9759600A260B4 /* guidedcamera.app */,
				1572E4B32EB9759700A260B4 /* guidedcameraTests.xctest */,
				1572E4BD2EB9759700A260B4 /* guidedcameraUITests.xctest */,
			);
			name = Products;
			sourceTree = "<group>";
		};
/* End PBXGroup section */

/* Begin PBXNativeTarget section */
		1572E4A22EB9759600A260B4 /* guidedcamera */ = {
			isa = PBXNativeTarget;
			buildConfigurationList = 1572E4C72EB9759700A260B4 /* Build configuration list for PBXNativeTarget "guidedcamera" */;
			buildPhases = (
				1572E49F2EB9759600A260B4 /* Sources */,
				1572E4A02EB9759600A260B4 /* Frameworks */,
				1572E4A12EB9759600A260B4 /* Resources */,
			);
			buildRules = (
			);
			dependencies = (
			);
			fileSystemSynchronizedGroups = (
				1572E4A52EB9759600A260B4 /* guidedcamera */,
			);
			name = guidedcamera;
			packageProductDependencies = (
			);
			productName = guidedcamera;
			productReference = 1572E4A32EB9759600A260B4 /* guidedcamera.app */;
			productType = "com.apple.product-type.application";
		};
		1572E4B22EB9759700A260B4 /* guidedcameraTests */ = {
			isa = PBXNativeTarget;
			buildConfigurationList = 1572E4CA2EB9759700A260B4 /* Build configuration list for PBXNativeTarget "guidedcameraTests" */;
			buildPhases = (
				1572E4AF2EB9759700A260B4 /* Sources */,
				1572E4B02EB9759700A260B4 /* Frameworks */,
				1572E4B12EB9759700A260B4 /* Resources */,
			);
			buildRules = (
			);
			dependencies = (
				1572E4B52EB9759700A260B4 /* PBXTargetDependency */,
			);
			fileSystemSynchronizedGroups = (
				1572E4B62EB9759700A260B4 /* guidedcameraTests */,
			);
			name = guidedcameraTests;
			packageProductDependencies = (
			);
			productName = guidedcameraTests;
			productReference = 1572E4B32EB9759700A260B4 /* guidedcameraTests.xctest */;
			productType = "com.apple.product-type.bundle.unit-test";
		};
		1572E4BC2EB9759700A260B4 /* guidedcameraUITests */ = {
			isa = PBXNativeTarget;
			buildConfigurationList = 1572E4CD2EB9759700A260B4 /* Build configuration list for PBXNativeTarget "guidedcameraUITests" */;
			buildPhases = (
				1572E4B92EB9759700A260B4 /* Sources */,
				1572E4BA2EB9759700A260B4 /* Frameworks */,
				1572E4BB2EB9759700A260B4 /* Resources */,
			);
			buildRules = (
			);
			dependencies = (
				1572E4BF2EB9759700A260B4 /* PBXTargetDependency */,
			);
			fileSystemSynchronizedGroups = (
				1572E4C02EB9759700A260B4 /* guidedcameraUITests */,
			);
			name = guidedcameraUITests;
			packageProductDependencies = (
			);
			productName = guidedcameraUITests;
			productReference = 1572E4BD2EB9759700A260B4 /* guidedcameraUITests.xctest */;
			productType = "com.apple.product-type.bundle.ui-testing";
		};
/* End PBXNativeTarget section */

/* Begin PBXProject section */
		1572E49B2EB9759600A260B4 /* Project object */ = {
			isa = PBXProject;
			attributes = {
				BuildIndependentTargetsInParallel = 1;
				LastSwiftUpdateCheck = 1620;
				LastUpgradeCheck = 1620;
				TargetAttributes = {
					1572E4A22EB9759600A260B4 = {
						CreatedOnToolsVersion = 16.2;
					};
					1572E4B22EB9759700A260B4 = {
						CreatedOnToolsVersion = 16.2;
						TestTargetID = 1572E4A22EB9759600A260B4;
					};
					1572E4BC2EB9759700A260B4 = {
						CreatedOnToolsVersion = 16.2;
						TestTargetID = 1572E4A22EB9759600A260B4;
					};
				};
			};
			buildConfigurationList = 1572E49E2EB9759600A260B4 /* Build configuration list for PBXProject "guidedcamera" */;
			developmentRegion = en;
			hasScannedForEncodings = 0;
			knownRegions = (
				en,
				Base,
			);
			mainGroup = 1572E49A2EB9759600A260B4;
			minimizedProjectReferenceProxies = 1;
			preferredProjectObjectVersion = 77;
			productRefGroup = 1572E4A42EB9759600A260B4 /* Products */;
			projectDirPath = "";
			projectRoot = "";
			targets = (
				1572E4A22EB9759600A260B4 /* guidedcamera */,
				1572E4B22EB9759700A260B4 /* guidedcameraTests */,
				1572E4BC2EB9759700A260B4 /* guidedcameraUITests */,
			);
		};
/* End PBXProject section */

/* Begin PBXResourcesBuildPhase section */
		1572E4A12EB9759600A260B4 /* Resources */ = {
			isa = PBXResourcesBuildPhase;
			buildActionMask = 2147483647;
			files = (
			);
			runOnlyForDeploymentPostprocessing = 0;
		};
		1572E4B12EB9759700A260B4 /* Resources */ = {
			isa = PBXResourcesBuildPhase;
			buildActionMask = 2147483647;
			files = (
			);
			runOnlyForDeploymentPostprocessing = 0;
		};
		1572E4BB2EB9759700A260B4 /* Resources */ = {
			isa = PBXResourcesBuildPhase;
			buildActionMask = 2147483647;
			files = (
			);
			runOnlyForDeploymentPostprocessing = 0;
		};
/* End PBXResourcesBuildPhase section */

/* Begin PBXSourcesBuildPhase section */
		1572E49F2EB9759600A260B4 /* Sources */ = {
			isa = PBXSourcesBuildPhase;
			buildActionMask = 2147483647;
			files = (
			);
			runOnlyForDeploymentPostprocessing = 0;
		};
		1572E4AF2EB9759700A260B4 /* Sources */ = {
			isa = PBXSourcesBuildPhase;
			buildActionMask = 2147483647;
			files = (
			);
			runOnlyForDeploymentPostprocessing = 0;
		};
		1572E4B92EB9759700A260B4 /* Sources */ = {
			isa = PBXSourcesBuildPhase;
			buildActionMask = 2147483647;
			files = (
			);
			runOnlyForDeploymentPostprocessing = 0;
		};
/* End PBXSourcesBuildPhase section */

/* Begin PBXTargetDependency section */
		1572E4B52EB9759700A260B4 /* PBXTargetDependency */ = {
			isa = PBXTargetDependency;
			target = 1572E4A22EB9759600A260B4 /* guidedcamera */;
			targetProxy = 1572E4B42EB9759700A260B4 /* PBXContainerItemProxy */;
		};
		1572E4BF2EB9759700A260B4 /* PBXTargetDependency */ = {
			isa = PBXTargetDependency;
			target = 1572E4A22EB9759600A260B4 /* guidedcamera */;
			targetProxy = 1572E4BE2EB9759700A260B4 /* PBXContainerItemProxy */;
		};
/* End PBXTargetDependency section */

/* Begin XCBuildConfiguration section */
		1572E4C52EB9759700A260B4 /* Debug */ = {
			isa = XCBuildConfiguration;
			buildSettings = {
				ALWAYS_SEARCH_USER_PATHS = NO;
				ASSETCATALOG_COMPILER_GENERATE_SWIFT_ASSET_SYMBOL_EXTENSIONS = YES;
				CLANG_ANALYZER_NONNULL = YES;
				CLANG_ANALYZER_NUMBER_OBJECT_CONVERSION = YES_AGGRESSIVE;
				CLANG_CXX_LANGUAGE_STANDARD = "gnu++20";
				CLANG_ENABLE_MODULES = YES;
				CLANG_ENABLE_OBJC_ARC = YES;
				CLANG_ENABLE_OBJC_WEAK = YES;
				CLANG_WARN_BLOCK_CAPTURE_AUTORELEASING = YES;
				CLANG_WARN_BOOL_CONVERSION = YES;
				CLANG_WARN_COMMA = YES;
				CLANG_WARN_CONSTANT_CONVERSION = YES;
				CLANG_WARN_DEPRECATED_OBJC_IMPLEMENTATIONS = YES;
				CLANG_WARN_DIRECT_OBJC_ISA_USAGE = YES_ERROR;
				CLANG_WARN_DOCUMENTATION_COMMENTS = YES;
				CLANG_WARN_EMPTY_BODY = YES;
				CLANG_WARN_ENUM_CONVERSION = YES;
				CLANG_WARN_INFINITE_RECURSION = YES;
				CLANG_WARN_INT_CONVERSION = YES;
				CLANG_WARN_NON_LITERAL_NULL_CONVERSION = YES;
				CLANG_WARN_OBJC_IMPLICIT_RETAIN_SELF = YES;
				CLANG_WARN_OBJC_LITERAL_CONVERSION = YES;
				CLANG_WARN_OBJC_ROOT_CLASS = YES_ERROR;
				CLANG_WARN_QUOTED_INCLUDE_IN_FRAMEWORK_HEADER = YES;
				CLANG_WARN_RANGE_LOOP_ANALYSIS = YES;
				CLANG_WARN_STRICT_PROTOTYPES = YES;
				CLANG_WARN_SUSPICIOUS_MOVE = YES;
				CLANG_WARN_UNGUARDED_AVAILABILITY = YES_AGGRESSIVE;
				CLANG_WARN_UNREACHABLE_CODE = YES;
				CLANG_WARN__DUPLICATE_METHOD_MATCH = YES;
				COPY_PHASE_STRIP = NO;
				DEBUG_INFORMATION_FORMAT = dwarf;
				ENABLE_STRICT_OBJC_MSGSEND = YES;
				ENABLE_TESTABILITY = YES;
				ENABLE_USER_SCRIPT_SANDBOXING = YES;
				GCC_C_LANGUAGE_STANDARD = gnu17;
				GCC_DYNAMIC_NO_PIC = NO;
				GCC_NO_COMMON_BLOCKS = YES;
				GCC_OPTIMIZATION_LEVEL = 0;
				GCC_PREPROCESSOR_DEFINITIONS = (
					"DEBUG=1",
					"$(inherited)",
				);
				GCC_WARN_64_TO_32_BIT_CONVERSION = YES;
				GCC_WARN_ABOUT_RETURN_TYPE = YES_ERROR;
				GCC_WARN_UNDECLARED_SELECTOR = YES;
				GCC_WARN_UNINITIALIZED_AUTOS = YES_AGGRESSIVE;
				GCC_WARN_UNUSED_FUNCTION = YES;
				GCC_WARN_UNUSED_VARIABLE = YES;
				IPHONEOS_DEPLOYMENT_TARGET = 18.2;
				LOCALIZATION_PREFERS_STRING_CATALOGS = YES;
				MTL_ENABLE_DEBUG_INFO = INCLUDE_SOURCE;
				MTL_FAST_MATH = YES;
				ONLY_ACTIVE_ARCH = YES;
				SDKROOT = iphoneos;
				SWIFT_ACTIVE_COMPILATION_CONDITIONS = "DEBUG $(inherited)";
				SWIFT_OPTIMIZATION_LEVEL = "-Onone";
			};
			name = Debug;
		};
		1572E4C62EB9759700A260B4 /* Release */ = {
			isa = XCBuildConfiguration;
			buildSettings = {
				ALWAYS_SEARCH_USER_PATHS = NO;
				ASSETCATALOG_COMPILER_GENERATE_SWIFT_ASSET_SYMBOL_EXTENSIONS = YES;
				CLANG_ANALYZER_NONNULL = YES;
				CLANG_ANALYZER_NUMBER_OBJECT_CONVERSION = YES_AGGRESSIVE;
				CLANG_CXX_LANGUAGE_STANDARD = "gnu++20";
				CLANG_ENABLE_MODULES = YES;
				CLANG_ENABLE_OBJC_ARC = YES;
				CLANG_ENABLE_OBJC_WEAK = YES;
				CLANG_WARN_BLOCK_CAPTURE_AUTORELEASING = YES;
				CLANG_WARN_BOOL_CONVERSION = YES;
				CLANG_WARN_COMMA = YES;
				CLANG_WARN_CONSTANT_CONVERSION = YES;
				CLANG_WARN_DEPRECATED_OBJC_IMPLEMENTATIONS = YES;
				CLANG_WARN_DIRECT_OBJC_ISA_USAGE = YES_ERROR;
				CLANG_WARN_DOCUMENTATION_COMMENTS = YES;
				CLANG_WARN_EMPTY_BODY = YES;
				CLANG_WARN_ENUM_CONVERSION = YES;
				CLANG_WARN_INFINITE_RECURSION = YES;
				CLANG_WARN_INT_CONVERSION = YES;
				CLANG_WARN_NON_LITERAL_NULL_CONVERSION = YES;
				CLANG_WARN_OBJC_IMPLICIT_RETAIN_SELF = YES;
				CLANG_WARN_OBJC_LITERAL_CONVERSION = YES;
				CLANG_WARN_OBJC_ROOT_CLASS = YES_ERROR;
				CLANG_WARN_QUOTED_INCLUDE_IN_FRAMEWORK_HEADER = YES;
				CLANG_WARN_RANGE_LOOP_ANALYSIS = YES;
				CLANG_WARN_STRICT_PROTOTYPES = YES;
				CLANG_WARN_SUSPICIOUS_MOVE = YES;
				CLANG_WARN_UNGUARDED_AVAILABILITY = YES_AGGRESSIVE;
				CLANG_WARN_UNREACHABLE_CODE = YES;
				CLANG_WARN__DUPLICATE_METHOD_MATCH = YES;
				COPY_PHASE_STRIP = NO;
				DEBUG_INFORMATION_FORMAT = "dwarf-with-dsym";
				ENABLE_NS_ASSERTIONS = NO;
				ENABLE_STRICT_OBJC_MSGSEND = YES;
				ENABLE_USER_SCRIPT_SANDBOXING = YES;
				GCC_C_LANGUAGE_STANDARD = gnu17;
				GCC_NO_COMMON_BLOCKS = YES;
				GCC_WARN_64_TO_32_BIT_CONVERSION = YES;
				GCC_WARN_ABOUT_RETURN_TYPE = YES_ERROR;
				GCC_WARN_UNDECLARED_SELECTOR = YES;
				GCC_WARN_UNINITIALIZED_AUTOS = YES_AGGRESSIVE;
				GCC_WARN_UNUSED_FUNCTION = YES;
				GCC_WARN_UNUSED_VARIABLE = YES;
				IPHONEOS_DEPLOYMENT_TARGET = 18.2;
				LOCALIZATION_PREFERS_STRING_CATALOGS = YES;
				MTL_ENABLE_DEBUG_INFO = NO;
				MTL_FAST_MATH = YES;
				SDKROOT = iphoneos;
				SWIFT_COMPILATION_MODE = wholemodule;
				VALIDATE_PRODUCT = YES;
			};
			name = Release;
		};
		1572E4C82EB9759700A260B4 /* Debug */ = {
			isa = XCBuildConfiguration;
			buildSettings = {
				ASSETCATALOG_COMPILER_APPICON_NAME = AppIcon;
				ASSETCATALOG_COMPILER_GLOBAL_ACCENT_COLOR_NAME = AccentColor;
				CODE_SIGN_STYLE = Automatic;
				CURRENT_PROJECT_VERSION = 1;
				DEVELOPMENT_ASSET_PATHS = "\"guidedcamera/Preview Content\"";
				DEVELOPMENT_TEAM = J3N8M869CR;
				ENABLE_PREVIEWS = YES;
				GENERATE_INFOPLIST_FILE = YES;
				INFOPLIST_KEY_UIApplicationSceneManifest_Generation = YES;
				INFOPLIST_KEY_UIApplicationSupportsIndirectInputEvents = YES;
				INFOPLIST_KEY_UILaunchScreen_Generation = YES;
				INFOPLIST_KEY_UISupportedInterfaceOrientations_iPad = "UIInterfaceOrientationPortrait UIInterfaceOrientationPortraitUpsideDown UIInterfaceOrientationLandscapeLeft UIInterfaceOrientationLandscapeRight";
				INFOPLIST_KEY_UISupportedInterfaceOrientations_iPhone = "UIInterfaceOrientationPortrait UIInterfaceOrientationLandscapeLeft UIInterfaceOrientationLandscapeRight";
				LD_RUNPATH_SEARCH_PATHS = (
					"$(inherited)",
					"@executable_path/Frameworks",
				);
				MARKETING_VERSION = 1.0;
				PRODUCT_BUNDLE_IDENTIFIER = com.relantic.guidedcamera;
				PRODUCT_NAME = "$(TARGET_NAME)";
				SWIFT_EMIT_LOC_STRINGS = YES;
				SWIFT_VERSION = 5.0;
				TARGETED_DEVICE_FAMILY = "1,2";
			};
			name = Debug;
		};
		1572E4C92EB9759700A260B4 /* Release */ = {
			isa = XCBuildConfiguration;
			buildSettings = {
				ASSETCATALOG_COMPILER_APPICON_NAME = AppIcon;
				ASSETCATALOG_COMPILER_GLOBAL_ACCENT_COLOR_NAME = AccentColor;
				CODE_SIGN_STYLE = Automatic;
				CURRENT_PROJECT_VERSION = 1;
				DEVELOPMENT_ASSET_PATHS = "\"guidedcamera/Preview Content\"";
				DEVELOPMENT_TEAM = J3N8M869CR;
				ENABLE_PREVIEWS = YES;
				GENERATE_INFOPLIST_FILE = YES;
				INFOPLIST_KEY_UIApplicationSceneManifest_Generation = YES;
				INFOPLIST_KEY_UIApplicationSupportsIndirectInputEvents = YES;
				INFOPLIST_KEY_UILaunchScreen_Generation = YES;
				INFOPLIST_KEY_UISupportedInterfaceOrientations_iPad = "UIInterfaceOrientationPortrait UIInterfaceOrientationPortraitUpsideDown UIInterfaceOrientationLandscapeLeft UIInterfaceOrientationLandscapeRight";
				INFOPLIST_KEY_UISupportedInterfaceOrientations_iPhone = "UIInterfaceOrientationPortrait UIInterfaceOrientationLandscapeLeft UIInterfaceOrientationLandscapeRight";
				LD_RUNPATH_SEARCH_PATHS = (
					"$(inherited)",
					"@executable_path/Frameworks",
				);
				MARKETING_VERSION = 1.0;
				PRODUCT_BUNDLE_IDENTIFIER = com.relantic.guidedcamera;
				PRODUCT_NAME = "$(TARGET_NAME)";
				SWIFT_EMIT_LOC_STRINGS = YES;
				SWIFT_VERSION = 5.0;
				TARGETED_DEVICE_FAMILY = "1,2";
			};
			name = Release;
		};
		1572E4CB2EB9759700A260B4 /* Debug */ = {
			isa = XCBuildConfiguration;
			buildSettings = {
				BUNDLE_LOADER = "$(TEST_HOST)";
				CODE_SIGN_STYLE = Automatic;
				CURRENT_PROJECT_VERSION = 1;
				DEVELOPMENT_TEAM = J3N8M869CR;
				GENERATE_INFOPLIST_FILE = YES;
				IPHONEOS_DEPLOYMENT_TARGET = 18.2;
				MARKETING_VERSION = 1.0;
				PRODUCT_BUNDLE_IDENTIFIER = com.relantic.guidedcameraTests;
				PRODUCT_NAME = "$(TARGET_NAME)";
				SWIFT_EMIT_LOC_STRINGS = NO;
				SWIFT_VERSION = 5.0;
				TARGETED_DEVICE_FAMILY = "1,2";
				TEST_HOST = "$(BUILT_PRODUCTS_DIR)/guidedcamera.app/$(BUNDLE_EXECUTABLE_FOLDER_PATH)/guidedcamera";
			};
			name = Debug;
		};
		1572E4CC2EB9759700A260B4 /* Release */ = {
			isa = XCBuildConfiguration;
			buildSettings = {
				BUNDLE_LOADER = "$(TEST_HOST)";
				CODE_SIGN_STYLE = Automatic;
				CURRENT_PROJECT_VERSION = 1;
				DEVELOPMENT_TEAM = J3N8M869CR;
				GENERATE_INFOPLIST_FILE = YES;
				IPHONEOS_DEPLOYMENT_TARGET = 18.2;
				MARKETING_VERSION = 1.0;
				PRODUCT_BUNDLE_IDENTIFIER = com.relantic.guidedcameraTests;
				PRODUCT_NAME = "$(TARGET_NAME)";
				SWIFT_EMIT_LOC_STRINGS = NO;
				SWIFT_VERSION = 5.0;
				TARGETED_DEVICE_FAMILY = "1,2";
				TEST_HOST = "$(BUILT_PRODUCTS_DIR)/guidedcamera.app/$(BUNDLE_EXECUTABLE_FOLDER_PATH)/guidedcamera";
			};
			name = Release;
		};
		1572E4CE2EB9759700A260B4 /* Debug */ = {
			isa = XCBuildConfiguration;
			buildSettings = {
				CODE_SIGN_STYLE = Automatic;
				CURRENT_PROJECT_VERSION = 1;
				DEVELOPMENT_TEAM = J3N8M869CR;
				GENERATE_INFOPLIST_FILE = YES;
				MARKETING_VERSION = 1.0;
				PRODUCT_BUNDLE_IDENTIFIER = com.relantic.guidedcameraUITests;
				PRODUCT_NAME = "$(TARGET_NAME)";
				SWIFT_EMIT_LOC_STRINGS = NO;
				SWIFT_VERSION = 5.0;
				TARGETED_DEVICE_FAMILY = "1,2";
				TEST_TARGET_NAME = guidedcamera;
			};
			name = Debug;
		};
		1572E4CF2EB9759700A260B4 /* Release */ = {
			isa = XCBuildConfiguration;
			buildSettings = {
				CODE_SIGN_STYLE = Automatic;
				CURRENT_PROJECT_VERSION = 1;
				DEVELOPMENT_TEAM = J3N8M869CR;
				GENERATE_INFOPLIST_FILE = YES;
				MARKETING_VERSION = 1.0;
				PRODUCT_BUNDLE_IDENTIFIER = com.relantic.guidedcameraUITests;
				PRODUCT_NAME = "$(TARGET_NAME)";
				SWIFT_EMIT_LOC_STRINGS = NO;
				SWIFT_VERSION = 5.0;
				TARGETED_DEVICE_FAMILY = "1,2";
				TEST_TARGET_NAME = guidedcamera;
			};
			name = Release;
		};
/* End XCBuildConfiguration section */

/* Begin XCConfigurationList section */
		1572E49E2EB9759600A260B4 /* Build configuration list for PBXProject "guidedcamera" */ = {
			isa = XCConfigurationList;
			buildConfigurations = (
				1572E4C52EB9759700A260B4 /* Debug */,
				1572E4C62EB9759700A260B4 /* Release */,
			);
			defaultConfigurationIsVisible = 0;
			defaultConfigurationName = Release;
		};
		1572E4C72EB9759700A260B4 /* Build configuration list for PBXNativeTarget "guidedcamera" */ = {
			isa = XCConfigurationList;
			buildConfigurations = (
				1572E4C82EB9759700A260B4 /* Debug */,
				1572E4C92EB9759700A260B4 /* Release */,
			);
			defaultConfigurationIsVisible = 0;
			defaultConfigurationName = Release;
		};
		1572E4CA2EB9759700A260B4 /* Build configuration list for PBXNativeTarget "guidedcameraTests" */ = {
			isa = XCConfigurationList;
			buildConfigurations = (
				1572E4CB2EB9759700A260B4 /* Debug */,
				1572E4CC2EB9759700A260B4 /* Release */,
			);
			defaultConfigurationIsVisible = 0;
			defaultConfigurationName = Release;
		};
		1572E4CD2EB9759700A260B4 /* Build configuration list for PBXNativeTarget "guidedcameraUITests" */ = {
			isa = XCConfigurationList;
			buildConfigurations = (
				1572E4CE2EB9759700A260B4 /* Debug */,
				1572E4CF2EB9759700A260B4 /* Release */,
			);
			defaultConfigurationIsVisible = 0;
			defaultConfigurationName = Release;
		};
/* End XCConfigurationList section */
	};
	rootObject = 1572E49B2EB9759600A260B4 /* Project object */;
}
